{
  "name": "color-sensor-webthing",
  "version": "0.0.6",
  "lockfileVersion": 1,
  "requires": true,
  "dependencies": {
    "bindings": {
      "version": "1.2.1",
      "resolved": "https://registry.npmjs.org/bindings/-/bindings-1.2.1.tgz",
      "integrity": "sha1-FK1hE4EtLTfXLme0ystLtyZQXxE=",
      "optional": true
    },
    "coffee-script": {
      "version": "1.9.1",
      "resolved": "https://registry.npmjs.org/coffee-script/-/coffee-script-1.9.1.tgz",
      "integrity": "sha1-xFjQIgD0YNBkp5y2qx7m4snKHDE=",
      "optional": true
    },
    "i2c": {
      "version": "0.2.3",
      "resolved": "https://registry.npmjs.org/i2c/-/i2c-0.2.3.tgz",
      "integrity": "sha1-9D9wKBQQJq5IrymQo3RjPR2rPSs=",
      "optional": true,
      "requires": {
        "bindings": "1.2.1",
        "coffee-script": "1.9.1",
        "nan": "2.3.5",
        "repl": "0.1.3",
        "underscore": "1.8.2"
      }
    },
    "iotjs-express": {
      "version": "0.0.6",
      "resolved": "https://registry.npmjs.org/iotjs-express/-/iotjs-express-0.0.6.tgz",
      "integrity": "sha512-9cGdkru1te0G/8e8PEvR1O/FI16lzEVJ4mDbD2cfnWvBITZaIP32VaWE4PVFQNBMP4lqryTqraX0/TlyOK9ELA=="
    },
    "nan": {
      "version": "2.3.5",
      "resolved": "https://registry.npmjs.org/nan/-/nan-2.3.5.tgz",
      "integrity": "sha1-gioNwmYpDOTNOhIoLKPn42Rmigg=",
      "optional": true
    },
    "repl": {
      "version": "0.1.3",
      "resolved": "https://registry.npmjs.org/repl/-/repl-0.1.3.tgz",
      "integrity": "sha1-LwXUKwyItD0FzL2hDtFK7/Vpm2A=",
      "optional": true
    },
    "underscore": {
      "version": "1.8.2",
      "resolved": "https://registry.npmjs.org/underscore/-/underscore-1.8.2.tgz",
      "integrity": "sha1-ZN8utZCJnelQeC83NRkLpC6/MR0=",
      "optional": true
    },
    "webthing-iotjs": {
      "version": "0.11.2-1",
      "resolved": "https://registry.npmjs.org/webthing-iotjs/-/webthing-iotjs-0.11.2-1.tgz",
      "integrity": "sha512-9zFiIPGHC64WO6mNLEX8m5kXsJKkHv4Kuyr/BYfnp3O/AOv8e3183Fd6AuDrSqkM+GwCDXvPiZ6JbjjpfGqlNg==",
      "requires": {
        "iotjs-express": "0.0.6"
      }
    }
  }
}
